
Microsoft Visual Studio Solution File, Format Version 12.00
# Visual Studio Version 16
VisualStudioVersion = 16.0.33214.272
MinimumVisualStudioVersion = 10.0.40219.1
Project("{9A19103F-16F7-4668-BE54-9A1E7A4F7556}") = "TestProject", "TestProject\TestProject.csproj", "{04698875-DE37-4DA7-9568-CC713BE0114D}"
EndProject
Project("{FAE04EC0-301F-11D3-BF4B-00C04F79EFBC}") = "TestProject.Test", "TestProject.Test\TestProject.Test.csproj", "{AACDE7F6-3980-4351-9FB0-A6BE1960C7A2}"
EndProject
Global
	GlobalSection(SolutionConfigurationPlatforms) = preSolution
		Debug|Any CPU = Debug|Any CPU
		Release|Any CPU = Release|Any CPU
	EndGlobalSection
	GlobalSection(ProjectConfigurationPlatforms) = postSolution
		{04698875-DE37-4DA7-9568-CC713BE0114D}.Debug|Any CPU.ActiveCfg = Debug|Any CPU
		{04698875-DE37-4DA7-9568-CC713BE0114D}.Debug|Any CPU.Build.0 = Debug|Any CPU
		{04698875-DE37-4DA7-9568-CC713BE0114D}.Release|Any CPU.ActiveCfg = Release|Any CPU
		{04698875-DE37-4DA7-9568-CC713BE0114D}.Release|Any CPU.Build.0 = Release|Any CPU
		{AACDE7F6-3980-4351-9FB0-A6BE1960C7A2}.Debug|Any CPU.ActiveCfg = Debug|Any CPU
		{AACDE7F6-3980-4351-9FB0-A6BE1960C7A2}.Debug|Any CPU.Build.0 = Debug|Any CPU
		{AACDE7F6-3980-4351-9FB0-A6BE1960C7A2}.Release|Any CPU.ActiveCfg = Release|Any CPU
		{AACDE7F6-3980-4351-9FB0-A6BE1960C7A2}.Release|Any CPU.Build.0 = Release|Any CPU
	EndGlobalSection
	GlobalSection(SolutionProperties) = preSolution
		HideSolutionNode = FALSE
	EndGlobalSection
	GlobalSection(ExtensibilityGlobals) = postSolution
		SolutionGuid = {97234A1C-7244-4B74-BEC8-D825CBC371D9}
	EndGlobalSection
EndGlobal
